
Microsoft Visual Studio Solution File, Format Version 12.00
# Visual Studio Version 17
VisualStudioVersion = 17.0.31903.59
MinimumVisualStudioVersion = 10.0.40219.1
Project("{FAE04EC0-301F-11D3-BF4B-00C04F79EFBC}") = "AquaSync.Chihiros", "AquaSync.Chihiros\AquaSync.Chihiros.csproj", "{EA0837D1-F07D-49A6-A43E-DCD30B33AEF9}"
EndProject
Project("{FAE04EC0-301F-11D3-BF4B-00C04F79EFBC}") = "AquaSync.Eheim", "AquaSync.Eheim\AquaSync.Eheim.csproj", "{B1702120-D36C-40DC-BA63-32BDE01DC2C2}"
EndProject
Project("{FAE04EC0-301F-11D3-BF4B-00C04F79EFBC}") = "AquaSync.App", "AquaSync.App\AquaSync.App.csproj", "{A0F91A42-C5A1-491D-BC90-95081C82FD44}"
EndProject
Global
	GlobalSection(SolutionConfigurationPlatforms) = preSolution
		Debug|Any CPU = Debug|Any CPU
		Debug|x64 = Debug|x64
		Debug|x86 = Debug|x86
		Release|Any CPU = Release|Any CPU
		Release|x64 = Release|x64
		Release|x86 = Release|x86
	EndGlobalSection
	GlobalSection(ProjectConfigurationPlatforms) = postSolution
		{EA0837D1-F07D-49A6-A43E-DCD30B33AEF9}.Debug|Any CPU.ActiveCfg = Debug|Any CPU
		{EA0837D1-F07D-49A6-A43E-DCD30B33AEF9}.Debug|Any CPU.Build.0 = Debug|Any CPU
		{EA0837D1-F07D-49A6-A43E-DCD30B33AEF9}.Debug|x64.ActiveCfg = Debug|Any CPU
		{EA0837D1-F07D-49A6-A43E-DCD30B33AEF9}.Debug|x64.Build.0 = Debug|Any CPU
		{EA0837D1-F07D-49A6-A43E-DCD30B33AEF9}.Debug|x86.ActiveCfg = Debug|Any CPU
		{EA0837D1-F07D-49A6-A43E-DCD30B33AEF9}.Debug|x86.Build.0 = Debug|Any CPU
		{EA0837D1-F07D-49A6-A43E-DCD30B33AEF9}.Release|Any CPU.ActiveCfg = Release|Any CPU
		{EA0837D1-F07D-49A6-A43E-DCD30B33AEF9}.Release|Any CPU.Build.0 = Release|Any CPU
		{EA0837D1-F07D-49A6-A43E-DCD30B33AEF9}.Release|x64.ActiveCfg = Release|Any CPU
		{EA0837D1-F07D-49A6-A43E-DCD30B33AEF9}.Release|x64.Build.0 = Release|Any CPU
		{EA0837D1-F07D-49A6-A43E-DCD30B33AEF9}.Release|x86.ActiveCfg = Release|Any CPU
		{EA0837D1-F07D-49A6-A43E-DCD30B33AEF9}.Release|x86.Build.0 = Release|Any CPU
		{B1702120-D36C-40DC-BA63-32BDE01DC2C2}.Debug|Any CPU.ActiveCfg = Debug|Any CPU
		{B1702120-D36C-40DC-BA63-32BDE01DC2C2}.Debug|Any CPU.Build.0 = Debug|Any CPU
		{B1702120-D36C-40DC-BA63-32BDE01DC2C2}.Debug|x64.ActiveCfg = Debug|Any CPU
		{B1702120-D36C-40DC-BA63-32BDE01DC2C2}.Debug|x64.Build.0 = Debug|Any CPU
		{B1702120-D36C-40DC-BA63-32BDE01DC2C2}.Debug|x86.ActiveCfg = Debug|Any CPU
		{B1702120-D36C-40DC-BA63-32BDE01DC2C2}.Debug|x86.Build.0 = Debug|Any CPU
		{B1702120-D36C-40DC-BA63-32BDE01DC2C2}.Release|Any CPU.ActiveCfg = Release|Any CPU
		{B1702120-D36C-40DC-BA63-32BDE01DC2C2}.Release|Any CPU.Build.0 = Release|Any CPU
		{B1702120-D36C-40DC-BA63-32BDE01DC2C2}.Release|x64.ActiveCfg = Release|Any CPU
		{B1702120-D36C-40DC-BA63-32BDE01DC2C2}.Release|x64.Build.0 = Release|Any CPU
		{B1702120-D36C-40DC-BA63-32BDE01DC2C2}.Release|x86.ActiveCfg = Release|Any CPU
		{B1702120-D36C-40DC-BA63-32BDE01DC2C2}.Release|x86.Build.0 = Release|Any CPU
		{A0F91A42-C5A1-491D-BC90-95081C82FD44}.Debug|Any CPU.ActiveCfg = Debug|x86
		{A0F91A42-C5A1-491D-BC90-95081C82FD44}.Debug|Any CPU.Build.0 = Debug|x86
		{A0F91A42-C5A1-491D-BC90-95081C82FD44}.Debug|x64.ActiveCfg = Debug|x64
		{A0F91A42-C5A1-491D-BC90-95081C82FD44}.Debug|x64.Build.0 = Debug|x64
		{A0F91A42-C5A1-491D-BC90-95081C82FD44}.Debug|x86.ActiveCfg = Debug|x86
		{A0F91A42-C5A1-491D-BC90-95081C82FD44}.Debug|x86.Build.0 = Debug|x86
		{A0F91A42-C5A1-491D-BC90-95081C82FD44}.Release|Any CPU.ActiveCfg = Release|x86
		{A0F91A42-C5A1-491D-BC90-95081C82FD44}.Release|Any CPU.Build.0 = Release|x86
		{A0F91A42-C5A1-491D-BC90-95081C82FD44}.Release|x64.ActiveCfg = Release|x64
		{A0F91A42-C5A1-491D-BC90-95081C82FD44}.Release|x64.Build.0 = Release|x64
		{A0F91A42-C5A1-491D-BC90-95081C82FD44}.Release|x86.ActiveCfg = Release|x86
		{A0F91A42-C5A1-491D-BC90-95081C82FD44}.Release|x86.Build.0 = Release|x86
	EndGlobalSection
	GlobalSection(SolutionProperties) = preSolution
		HideSolutionNode = FALSE
	EndGlobalSection
EndGlobal
